
Microsoft Visual Studio Solution File, Format Version 12.00
# Visual Studio 15
VisualStudioVersion = 15.0.26228.12
MinimumVisualStudioVersion = 10.0.40219.1
Project("{FAE04EC0-301F-11D3-BF4B-00C04F79EFBC}") = "BanSach", "BanSach\BanSach.csproj", "{03FD9DAD-6B3A-40D9-98F0-81238AC11ED1}"
EndProject
Project("{FAE04EC0-301F-11D3-BF4B-00C04F79EFBC}") = "DAO", "DAO\DAO.csproj", "{57D55D5F-AA1D-47F9-8D21-3F304F821237}"
EndProject
Project("{FAE04EC0-301F-11D3-BF4B-00C04F79EFBC}") = "DTO", "DTO\DTO.csproj", "{3547B8D1-C9AF-424B-AB81-7024C3265564}"
EndProject
Project("{FAE04EC0-301F-11D3-BF4B-00C04F79EFBC}") = "BUS", "BUS\BUS.csproj", "{A27F9BD9-8AF3-44BD-BF5E-5A2B6B83EE72}"
EndProject
Global
	GlobalSection(SolutionConfigurationPlatforms) = preSolution
		Debug|Any CPU = Debug|Any CPU
		Release|Any CPU = Release|Any CPU
	EndGlobalSection
	GlobalSection(ProjectConfigurationPlatforms) = postSolution
		{03FD9DAD-6B3A-40D9-98F0-81238AC11ED1}.Debug|Any CPU.ActiveCfg = Debug|Any CPU
		{03FD9DAD-6B3A-40D9-98F0-81238AC11ED1}.Debug|Any CPU.Build.0 = Debug|Any CPU
		{03FD9DAD-6B3A-40D9-98F0-81238AC11ED1}.Debug|Any CPU.Deploy.0 = Debug|Any CPU
		{03FD9DAD-6B3A-40D9-98F0-81238AC11ED1}.Release|Any CPU.ActiveCfg = Release|Any CPU
		{03FD9DAD-6B3A-40D9-98F0-81238AC11ED1}.Release|Any CPU.Build.0 = Release|Any CPU
		{57D55D5F-AA1D-47F9-8D21-3F304F821237}.Debug|Any CPU.ActiveCfg = Debug|Any CPU
		{57D55D5F-AA1D-47F9-8D21-3F304F821237}.Debug|Any CPU.Build.0 = Debug|Any CPU
		{57D55D5F-AA1D-47F9-8D21-3F304F821237}.Release|Any CPU.ActiveCfg = Release|Any CPU
		{57D55D5F-AA1D-47F9-8D21-3F304F821237}.Release|Any CPU.Build.0 = Release|Any CPU
		{3547B8D1-C9AF-424B-AB81-7024C3265564}.Debug|Any CPU.ActiveCfg = Debug|Any CPU
		{3547B8D1-C9AF-424B-AB81-7024C3265564}.Debug|Any CPU.Build.0 = Debug|Any CPU
		{3547B8D1-C9AF-424B-AB81-7024C3265564}.Release|Any CPU.ActiveCfg = Release|Any CPU
		{3547B8D1-C9AF-424B-AB81-7024C3265564}.Release|Any CPU.Build.0 = Release|Any CPU
		{A27F9BD9-8AF3-44BD-BF5E-5A2B6B83EE72}.Debug|Any CPU.ActiveCfg = Debug|Any CPU
		{A27F9BD9-8AF3-44BD-BF5E-5A2B6B83EE72}.Debug|Any CPU.Build.0 = Debug|Any CPU
		{A27F9BD9-8AF3-44BD-BF5E-5A2B6B83EE72}.Release|Any CPU.ActiveCfg = Release|Any CPU
		{A27F9BD9-8AF3-44BD-BF5E-5A2B6B83EE72}.Release|Any CPU.Build.0 = Release|Any CPU
	EndGlobalSection
	GlobalSection(SolutionProperties) = preSolution
		HideSolutionNode = FALSE
	EndGlobalSection
EndGlobal
